
Microsoft Visual Studio Solution File, Format Version 12.00
# Visual Studio Version 17
VisualStudioVersion = 17.7.34221.43
MinimumVisualStudioVersion = 10.0.40219.1
Project("{FAE04EC0-301F-11D3-BF4B-00C04F79EFBC}") = "Exercicio 3", "Exercicio 3.csproj", "{6338D86D-C8FF-4BDB-AE74-A94B964C3E48}"
EndProject
Global
	GlobalSection(SolutionConfigurationPlatforms) = preSolution
		Debug|Any CPU = Debug|Any CPU
		Release|Any CPU = Release|Any CPU
	EndGlobalSection
	GlobalSection(ProjectConfigurationPlatforms) = postSolution
		{6338D86D-C8FF-4BDB-AE74-A94B964C3E48}.Debug|Any CPU.ActiveCfg = Debug|Any CPU
		{6338D86D-C8FF-4BDB-AE74-A94B964C3E48}.Debug|Any CPU.Build.0 = Debug|Any CPU
		{6338D86D-C8FF-4BDB-AE74-A94B964C3E48}.Release|Any CPU.ActiveCfg = Release|Any CPU
		{6338D86D-C8FF-4BDB-AE74-A94B964C3E48}.Release|Any CPU.Build.0 = Release|Any CPU
	EndGlobalSection
	GlobalSection(SolutionProperties) = preSolution
		HideSolutionNode = FALSE
	EndGlobalSection
	GlobalSection(ExtensibilityGlobals) = postSolution
		SolutionGuid = {859390DE-A6D1-4935-B9CF-42F8F7877DB4}
	EndGlobalSection
EndGlobal
