
Microsoft Visual Studio Solution File, Format Version 12.00
# Visual Studio Version 17
VisualStudioVersion = 17.4.33205.214
MinimumVisualStudioVersion = 10.0.40219.1
Project("{FAE04EC0-301F-11D3-BF4B-00C04F79EFBC}") = "Crud", "Crud.csproj", "{5C88E2A5-C181-4931-A04A-E88AFA715814}"
EndProject
Global
	GlobalSection(SolutionConfigurationPlatforms) = preSolution
		Debug|Any CPU = Debug|Any CPU
		Release|Any CPU = Release|Any CPU
	EndGlobalSection
	GlobalSection(ProjectConfigurationPlatforms) = postSolution
		{5C88E2A5-C181-4931-A04A-E88AFA715814}.Debug|Any CPU.ActiveCfg = Debug|Any CPU
		{5C88E2A5-C181-4931-A04A-E88AFA715814}.Debug|Any CPU.Build.0 = Debug|Any CPU
		{5C88E2A5-C181-4931-A04A-E88AFA715814}.Release|Any CPU.ActiveCfg = Release|Any CPU
		{5C88E2A5-C181-4931-A04A-E88AFA715814}.Release|Any CPU.Build.0 = Release|Any CPU
	EndGlobalSection
	GlobalSection(SolutionProperties) = preSolution
		HideSolutionNode = FALSE
	EndGlobalSection
	GlobalSection(ExtensibilityGlobals) = postSolution
		SolutionGuid = {C9DFE40C-2634-43A0-8244-81D9519DF058}
	EndGlobalSection
EndGlobal
